
Microsoft Visual Studio Solution File, Format Version 12.00
# Visual Studio 15
VisualStudioVersion = 15.0.28307.438
MinimumVisualStudioVersion = 10.0.40219.1
Project("{FAE04EC0-301F-11D3-BF4B-00C04F79EFBC}") = "Sample403", "Sample403\Sample403.csproj", "{4045EC1F-BFA0-4871-AAC7-9B4F37A3D4E6}"
EndProject
Global
	GlobalSection(SolutionConfigurationPlatforms) = preSolution
		Debug|Any CPU = Debug|Any CPU
		Release|Any CPU = Release|Any CPU
	EndGlobalSection
	GlobalSection(ProjectConfigurationPlatforms) = postSolution
		{4045EC1F-BFA0-4871-AAC7-9B4F37A3D4E6}.Debug|Any CPU.ActiveCfg = Debug|Any CPU
		{4045EC1F-BFA0-4871-AAC7-9B4F37A3D4E6}.Debug|Any CPU.Build.0 = Debug|Any CPU
		{4045EC1F-BFA0-4871-AAC7-9B4F37A3D4E6}.Release|Any CPU.ActiveCfg = Release|Any CPU
		{4045EC1F-BFA0-4871-AAC7-9B4F37A3D4E6}.Release|Any CPU.Build.0 = Release|Any CPU
	EndGlobalSection
	GlobalSection(SolutionProperties) = preSolution
		HideSolutionNode = FALSE
	EndGlobalSection
	GlobalSection(ExtensibilityGlobals) = postSolution
		SolutionGuid = {CE596B04-CB54-4939-BB7E-B487D0C8B9FD}
	EndGlobalSection
EndGlobal
