
Microsoft Visual Studio Solution File, Format Version 12.00
# Visual Studio Version 16
VisualStudioVersion = 16.0.29001.49
MinimumVisualStudioVersion = 10.0.40219.1
Project("{FAE04EC0-301F-11D3-BF4B-00C04F79EFBC}") = "Sample301", "Sample301\Sample301.csproj", "{10B2D7AF-36DE-44EB-8A78-89CC4AF4BA8A}"
EndProject
Global
	GlobalSection(SolutionConfigurationPlatforms) = preSolution
		Debug|Any CPU = Debug|Any CPU
		Release|Any CPU = Release|Any CPU
	EndGlobalSection
	GlobalSection(ProjectConfigurationPlatforms) = postSolution
		{10B2D7AF-36DE-44EB-8A78-89CC4AF4BA8A}.Debug|Any CPU.ActiveCfg = Debug|Any CPU
		{10B2D7AF-36DE-44EB-8A78-89CC4AF4BA8A}.Debug|Any CPU.Build.0 = Debug|Any CPU
		{10B2D7AF-36DE-44EB-8A78-89CC4AF4BA8A}.Release|Any CPU.ActiveCfg = Release|Any CPU
		{10B2D7AF-36DE-44EB-8A78-89CC4AF4BA8A}.Release|Any CPU.Build.0 = Release|Any CPU
	EndGlobalSection
	GlobalSection(SolutionProperties) = preSolution
		HideSolutionNode = FALSE
	EndGlobalSection
	GlobalSection(ExtensibilityGlobals) = postSolution
		SolutionGuid = {77407BA3-5831-4416-BF5D-31095DA74894}
	EndGlobalSection
EndGlobal
