
Microsoft Visual Studio Solution File, Format Version 12.00
# Visual Studio 15
VisualStudioVersion = 15.0.28307.438
MinimumVisualStudioVersion = 10.0.40219.1
Project("{FAE04EC0-301F-11D3-BF4B-00C04F79EFBC}") = "SampleEx303", "SampleEx303\SampleEx303.csproj", "{190B358E-EEAC-4BBA-B2EA-152C91485E2F}"
EndProject
Global
	GlobalSection(SolutionConfigurationPlatforms) = preSolution
		Debug|Any CPU = Debug|Any CPU
		Release|Any CPU = Release|Any CPU
	EndGlobalSection
	GlobalSection(ProjectConfigurationPlatforms) = postSolution
		{190B358E-EEAC-4BBA-B2EA-152C91485E2F}.Debug|Any CPU.ActiveCfg = Debug|Any CPU
		{190B358E-EEAC-4BBA-B2EA-152C91485E2F}.Debug|Any CPU.Build.0 = Debug|Any CPU
		{190B358E-EEAC-4BBA-B2EA-152C91485E2F}.Release|Any CPU.ActiveCfg = Release|Any CPU
		{190B358E-EEAC-4BBA-B2EA-152C91485E2F}.Release|Any CPU.Build.0 = Release|Any CPU
	EndGlobalSection
	GlobalSection(SolutionProperties) = preSolution
		HideSolutionNode = FALSE
	EndGlobalSection
	GlobalSection(ExtensibilityGlobals) = postSolution
		SolutionGuid = {84479B32-C405-4508-B75B-3603F261C480}
	EndGlobalSection
EndGlobal
