
Microsoft Visual Studio Solution File, Format Version 12.00
# Visual Studio 15
VisualStudioVersion = 15.0.28307.168
MinimumVisualStudioVersion = 10.0.40219.1
Project("{FAE04EC0-301F-11D3-BF4B-00C04F79EFBC}") = "Exercise203", "Exercise203\Exercise203.csproj", "{501B2993-052A-43F4-859B-3115A03E4F52}"
EndProject
Global
	GlobalSection(SolutionConfigurationPlatforms) = preSolution
		Debug|Any CPU = Debug|Any CPU
		Release|Any CPU = Release|Any CPU
	EndGlobalSection
	GlobalSection(ProjectConfigurationPlatforms) = postSolution
		{501B2993-052A-43F4-859B-3115A03E4F52}.Debug|Any CPU.ActiveCfg = Debug|Any CPU
		{501B2993-052A-43F4-859B-3115A03E4F52}.Debug|Any CPU.Build.0 = Debug|Any CPU
		{501B2993-052A-43F4-859B-3115A03E4F52}.Release|Any CPU.ActiveCfg = Release|Any CPU
		{501B2993-052A-43F4-859B-3115A03E4F52}.Release|Any CPU.Build.0 = Release|Any CPU
	EndGlobalSection
	GlobalSection(SolutionProperties) = preSolution
		HideSolutionNode = FALSE
	EndGlobalSection
	GlobalSection(ExtensibilityGlobals) = postSolution
		SolutionGuid = {DF4944BB-5FF2-48E4-8B97-ACFD66085F10}
	EndGlobalSection
EndGlobal
