
Microsoft Visual Studio Solution File, Format Version 12.00
# Visual Studio 15
VisualStudioVersion = 15.0.28307.438
MinimumVisualStudioVersion = 10.0.40219.1
Project("{FAE04EC0-301F-11D3-BF4B-00C04F79EFBC}") = "SampleEx402", "SampleEx402\SampleEx402.csproj", "{D87633AA-4A5A-4AB3-973F-B99399A57477}"
EndProject
Global
	GlobalSection(SolutionConfigurationPlatforms) = preSolution
		Debug|Any CPU = Debug|Any CPU
		Release|Any CPU = Release|Any CPU
	EndGlobalSection
	GlobalSection(ProjectConfigurationPlatforms) = postSolution
		{D87633AA-4A5A-4AB3-973F-B99399A57477}.Debug|Any CPU.ActiveCfg = Debug|Any CPU
		{D87633AA-4A5A-4AB3-973F-B99399A57477}.Debug|Any CPU.Build.0 = Debug|Any CPU
		{D87633AA-4A5A-4AB3-973F-B99399A57477}.Release|Any CPU.ActiveCfg = Release|Any CPU
		{D87633AA-4A5A-4AB3-973F-B99399A57477}.Release|Any CPU.Build.0 = Release|Any CPU
	EndGlobalSection
	GlobalSection(SolutionProperties) = preSolution
		HideSolutionNode = FALSE
	EndGlobalSection
	GlobalSection(ExtensibilityGlobals) = postSolution
		SolutionGuid = {9E0F4FBB-7812-430C-A58A-84513D70EAE6}
	EndGlobalSection
EndGlobal
