
Microsoft Visual Studio Solution File, Format Version 12.00
# Visual Studio Version 16
VisualStudioVersion = 16.0.29001.49
MinimumVisualStudioVersion = 10.0.40219.1
Project("{FAE04EC0-301F-11D3-BF4B-00C04F79EFBC}") = "Sample307", "Sample307\Sample307.csproj", "{4D902F7B-810D-4856-B9EB-7E4FD53C3026}"
EndProject
Global
	GlobalSection(SolutionConfigurationPlatforms) = preSolution
		Debug|Any CPU = Debug|Any CPU
		Release|Any CPU = Release|Any CPU
	EndGlobalSection
	GlobalSection(ProjectConfigurationPlatforms) = postSolution
		{4D902F7B-810D-4856-B9EB-7E4FD53C3026}.Debug|Any CPU.ActiveCfg = Debug|Any CPU
		{4D902F7B-810D-4856-B9EB-7E4FD53C3026}.Debug|Any CPU.Build.0 = Debug|Any CPU
		{4D902F7B-810D-4856-B9EB-7E4FD53C3026}.Release|Any CPU.ActiveCfg = Release|Any CPU
		{4D902F7B-810D-4856-B9EB-7E4FD53C3026}.Release|Any CPU.Build.0 = Release|Any CPU
	EndGlobalSection
	GlobalSection(SolutionProperties) = preSolution
		HideSolutionNode = FALSE
	EndGlobalSection
	GlobalSection(ExtensibilityGlobals) = postSolution
		SolutionGuid = {959209F7-2DF5-4C11-B5A2-DF1EE0E9470C}
	EndGlobalSection
EndGlobal
