
Microsoft Visual Studio Solution File, Format Version 12.00
# Visual Studio Version 16
VisualStudioVersion = 16.0.29001.49
MinimumVisualStudioVersion = 10.0.40219.1
Project("{FAE04EC0-301F-11D3-BF4B-00C04F79EFBC}") = "Sample608", "Sample608\Sample608.csproj", "{5B30FC9C-9C2D-4321-8D29-15C71C653A98}"
EndProject
Global
	GlobalSection(SolutionConfigurationPlatforms) = preSolution
		Debug|Any CPU = Debug|Any CPU
		Release|Any CPU = Release|Any CPU
	EndGlobalSection
	GlobalSection(ProjectConfigurationPlatforms) = postSolution
		{5B30FC9C-9C2D-4321-8D29-15C71C653A98}.Debug|Any CPU.ActiveCfg = Debug|Any CPU
		{5B30FC9C-9C2D-4321-8D29-15C71C653A98}.Debug|Any CPU.Build.0 = Debug|Any CPU
		{5B30FC9C-9C2D-4321-8D29-15C71C653A98}.Release|Any CPU.ActiveCfg = Release|Any CPU
		{5B30FC9C-9C2D-4321-8D29-15C71C653A98}.Release|Any CPU.Build.0 = Release|Any CPU
	EndGlobalSection
	GlobalSection(SolutionProperties) = preSolution
		HideSolutionNode = FALSE
	EndGlobalSection
	GlobalSection(ExtensibilityGlobals) = postSolution
		SolutionGuid = {BFDFC28C-39A9-4AED-A2BA-A4335DEE9B91}
	EndGlobalSection
EndGlobal
