
Microsoft Visual Studio Solution File, Format Version 12.00
# Visual Studio Version 16
VisualStudioVersion = 16.0.30523.141
MinimumVisualStudioVersion = 10.0.40219.1
Project("{FAE04EC0-301F-11D3-BF4B-00C04F79EFBC}") = "ExampleProblem205_3", "ExampleProblem205_3\ExampleProblem205_3.csproj", "{23CCFE66-A1D7-4A23-B25D-0CECAA0D9054}"
EndProject
Global
	GlobalSection(SolutionConfigurationPlatforms) = preSolution
		Debug|Any CPU = Debug|Any CPU
		Release|Any CPU = Release|Any CPU
	EndGlobalSection
	GlobalSection(ProjectConfigurationPlatforms) = postSolution
		{23CCFE66-A1D7-4A23-B25D-0CECAA0D9054}.Debug|Any CPU.ActiveCfg = Debug|Any CPU
		{23CCFE66-A1D7-4A23-B25D-0CECAA0D9054}.Debug|Any CPU.Build.0 = Debug|Any CPU
		{23CCFE66-A1D7-4A23-B25D-0CECAA0D9054}.Release|Any CPU.ActiveCfg = Release|Any CPU
		{23CCFE66-A1D7-4A23-B25D-0CECAA0D9054}.Release|Any CPU.Build.0 = Release|Any CPU
	EndGlobalSection
	GlobalSection(SolutionProperties) = preSolution
		HideSolutionNode = FALSE
	EndGlobalSection
	GlobalSection(ExtensibilityGlobals) = postSolution
		SolutionGuid = {B9E3433D-BA7E-4495-B69B-9ABF9C7F3705}
	EndGlobalSection
EndGlobal
