
Microsoft Visual Studio Solution File, Format Version 12.00
# Visual Studio 15
VisualStudioVersion = 15.0.28307.329
MinimumVisualStudioVersion = 10.0.40219.1
Project("{FAE04EC0-301F-11D3-BF4B-00C04F79EFBC}") = "Prob103", "Prob103\Prob103.csproj", "{9F3F31FD-3590-4077-A449-133AFD4AE44B}"
EndProject
Global
	GlobalSection(SolutionConfigurationPlatforms) = preSolution
		Debug|Any CPU = Debug|Any CPU
		Release|Any CPU = Release|Any CPU
	EndGlobalSection
	GlobalSection(ProjectConfigurationPlatforms) = postSolution
		{9F3F31FD-3590-4077-A449-133AFD4AE44B}.Debug|Any CPU.ActiveCfg = Debug|Any CPU
		{9F3F31FD-3590-4077-A449-133AFD4AE44B}.Debug|Any CPU.Build.0 = Debug|Any CPU
		{9F3F31FD-3590-4077-A449-133AFD4AE44B}.Release|Any CPU.ActiveCfg = Release|Any CPU
		{9F3F31FD-3590-4077-A449-133AFD4AE44B}.Release|Any CPU.Build.0 = Release|Any CPU
	EndGlobalSection
	GlobalSection(SolutionProperties) = preSolution
		HideSolutionNode = FALSE
	EndGlobalSection
	GlobalSection(ExtensibilityGlobals) = postSolution
		SolutionGuid = {4F8F0C5D-99E4-473F-AEE6-47F99C464A24}
	EndGlobalSection
EndGlobal
