
Microsoft Visual Studio Solution File, Format Version 12.00
# Visual Studio Version 16
VisualStudioVersion = 16.0.29001.49
MinimumVisualStudioVersion = 10.0.40219.1
Project("{FAE04EC0-301F-11D3-BF4B-00C04F79EFBC}") = "Sample212", "Sample212\Sample212.csproj", "{A628B5BF-1FD5-4607-ADD9-32B42A3A2E19}"
EndProject
Global
	GlobalSection(SolutionConfigurationPlatforms) = preSolution
		Debug|Any CPU = Debug|Any CPU
		Release|Any CPU = Release|Any CPU
	EndGlobalSection
	GlobalSection(ProjectConfigurationPlatforms) = postSolution
		{A628B5BF-1FD5-4607-ADD9-32B42A3A2E19}.Debug|Any CPU.ActiveCfg = Debug|Any CPU
		{A628B5BF-1FD5-4607-ADD9-32B42A3A2E19}.Debug|Any CPU.Build.0 = Debug|Any CPU
		{A628B5BF-1FD5-4607-ADD9-32B42A3A2E19}.Release|Any CPU.ActiveCfg = Release|Any CPU
		{A628B5BF-1FD5-4607-ADD9-32B42A3A2E19}.Release|Any CPU.Build.0 = Release|Any CPU
	EndGlobalSection
	GlobalSection(SolutionProperties) = preSolution
		HideSolutionNode = FALSE
	EndGlobalSection
	GlobalSection(ExtensibilityGlobals) = postSolution
		SolutionGuid = {895223BF-BA0F-4F1E-8533-C1A8317701F1}
	EndGlobalSection
EndGlobal
