
Microsoft Visual Studio Solution File, Format Version 12.00
# Visual Studio Version 16
VisualStudioVersion = 16.0.30523.141
MinimumVisualStudioVersion = 10.0.40219.1
Project("{FAE04EC0-301F-11D3-BF4B-00C04F79EFBC}") = "ExampleProblem301_3", "ExampleProblem301_3\ExampleProblem301_3.csproj", "{C7591023-8B6D-4178-861D-C8A48C9C3D7C}"
EndProject
Global
	GlobalSection(SolutionConfigurationPlatforms) = preSolution
		Debug|Any CPU = Debug|Any CPU
		Release|Any CPU = Release|Any CPU
	EndGlobalSection
	GlobalSection(ProjectConfigurationPlatforms) = postSolution
		{C7591023-8B6D-4178-861D-C8A48C9C3D7C}.Debug|Any CPU.ActiveCfg = Debug|Any CPU
		{C7591023-8B6D-4178-861D-C8A48C9C3D7C}.Debug|Any CPU.Build.0 = Debug|Any CPU
		{C7591023-8B6D-4178-861D-C8A48C9C3D7C}.Release|Any CPU.ActiveCfg = Release|Any CPU
		{C7591023-8B6D-4178-861D-C8A48C9C3D7C}.Release|Any CPU.Build.0 = Release|Any CPU
	EndGlobalSection
	GlobalSection(SolutionProperties) = preSolution
		HideSolutionNode = FALSE
	EndGlobalSection
	GlobalSection(ExtensibilityGlobals) = postSolution
		SolutionGuid = {E83E3F0D-FF8F-469A-AF37-DA5ABEE15012}
	EndGlobalSection
EndGlobal
