
Microsoft Visual Studio Solution File, Format Version 12.00
# Visual Studio 14
VisualStudioVersion = 14.0.25420.1
MinimumVisualStudioVersion = 10.0.40219.1
Project("{FAE04EC0-301F-11D3-BF4B-00C04F79EFBC}") = "prob8-2", "prob8-2\prob8-2.csproj", "{0797C7C2-307C-47F0-86A8-9EB3B0EE6BDC}"
EndProject
Global
	GlobalSection(SolutionConfigurationPlatforms) = preSolution
		Debug|Any CPU = Debug|Any CPU
		Release|Any CPU = Release|Any CPU
	EndGlobalSection
	GlobalSection(ProjectConfigurationPlatforms) = postSolution
		{0797C7C2-307C-47F0-86A8-9EB3B0EE6BDC}.Debug|Any CPU.ActiveCfg = Debug|Any CPU
		{0797C7C2-307C-47F0-86A8-9EB3B0EE6BDC}.Debug|Any CPU.Build.0 = Debug|Any CPU
		{0797C7C2-307C-47F0-86A8-9EB3B0EE6BDC}.Release|Any CPU.ActiveCfg = Release|Any CPU
		{0797C7C2-307C-47F0-86A8-9EB3B0EE6BDC}.Release|Any CPU.Build.0 = Release|Any CPU
	EndGlobalSection
	GlobalSection(SolutionProperties) = preSolution
		HideSolutionNode = FALSE
	EndGlobalSection
EndGlobal
