
Microsoft Visual Studio Solution File, Format Version 12.00
# Visual Studio 15
VisualStudioVersion = 15.0.27428.1
MinimumVisualStudioVersion = 10.0.40219.1
Project("{FAE04EC0-301F-11D3-BF4B-00C04F79EFBC}") = "test02", "test02\test02.csproj", "{57509143-1CD2-4FC0-864F-13EFCD88DE43}"
EndProject
Global
	GlobalSection(SolutionConfigurationPlatforms) = preSolution
		Debug|Any CPU = Debug|Any CPU
		Release|Any CPU = Release|Any CPU
	EndGlobalSection
	GlobalSection(ProjectConfigurationPlatforms) = postSolution
		{57509143-1CD2-4FC0-864F-13EFCD88DE43}.Debug|Any CPU.ActiveCfg = Debug|Any CPU
		{57509143-1CD2-4FC0-864F-13EFCD88DE43}.Debug|Any CPU.Build.0 = Debug|Any CPU
		{57509143-1CD2-4FC0-864F-13EFCD88DE43}.Release|Any CPU.ActiveCfg = Release|Any CPU
		{57509143-1CD2-4FC0-864F-13EFCD88DE43}.Release|Any CPU.Build.0 = Release|Any CPU
	EndGlobalSection
	GlobalSection(SolutionProperties) = preSolution
		HideSolutionNode = FALSE
	EndGlobalSection
	GlobalSection(ExtensibilityGlobals) = postSolution
		SolutionGuid = {E55759B1-B86D-4D4A-9D19-C86429E16E93}
	EndGlobalSection
EndGlobal
