
Microsoft Visual Studio Solution File, Format Version 12.00
# Visual Studio 14
VisualStudioVersion = 14.0.25420.1
MinimumVisualStudioVersion = 10.0.40219.1
Project("{FAE04EC0-301F-11D3-BF4B-00C04F79EFBC}") = "prob8-4", "prob8-4\prob8-4.csproj", "{BB621DF4-8D31-4519-8832-B767DFA87055}"
EndProject
Global
	GlobalSection(SolutionConfigurationPlatforms) = preSolution
		Debug|Any CPU = Debug|Any CPU
		Release|Any CPU = Release|Any CPU
	EndGlobalSection
	GlobalSection(ProjectConfigurationPlatforms) = postSolution
		{BB621DF4-8D31-4519-8832-B767DFA87055}.Debug|Any CPU.ActiveCfg = Debug|Any CPU
		{BB621DF4-8D31-4519-8832-B767DFA87055}.Debug|Any CPU.Build.0 = Debug|Any CPU
		{BB621DF4-8D31-4519-8832-B767DFA87055}.Release|Any CPU.ActiveCfg = Release|Any CPU
		{BB621DF4-8D31-4519-8832-B767DFA87055}.Release|Any CPU.Build.0 = Release|Any CPU
	EndGlobalSection
	GlobalSection(SolutionProperties) = preSolution
		HideSolutionNode = FALSE
	EndGlobalSection
EndGlobal
