
Microsoft Visual Studio Solution File, Format Version 12.00
# Visual Studio Version 16
VisualStudioVersion = 16.0.29001.49
MinimumVisualStudioVersion = 10.0.40219.1
Project("{FAE04EC0-301F-11D3-BF4B-00C04F79EFBC}") = "Sample204", "Sample204\Sample204.csproj", "{75A1F188-D929-423E-84D3-B862FAF4B5BE}"
EndProject
Global
	GlobalSection(SolutionConfigurationPlatforms) = preSolution
		Debug|Any CPU = Debug|Any CPU
		Release|Any CPU = Release|Any CPU
	EndGlobalSection
	GlobalSection(ProjectConfigurationPlatforms) = postSolution
		{75A1F188-D929-423E-84D3-B862FAF4B5BE}.Debug|Any CPU.ActiveCfg = Debug|Any CPU
		{75A1F188-D929-423E-84D3-B862FAF4B5BE}.Debug|Any CPU.Build.0 = Debug|Any CPU
		{75A1F188-D929-423E-84D3-B862FAF4B5BE}.Release|Any CPU.ActiveCfg = Release|Any CPU
		{75A1F188-D929-423E-84D3-B862FAF4B5BE}.Release|Any CPU.Build.0 = Release|Any CPU
	EndGlobalSection
	GlobalSection(SolutionProperties) = preSolution
		HideSolutionNode = FALSE
	EndGlobalSection
	GlobalSection(ExtensibilityGlobals) = postSolution
		SolutionGuid = {F8B44FDA-37A7-4EAA-B530-24B3B3B3F18B}
	EndGlobalSection
EndGlobal
