
Microsoft Visual Studio Solution File, Format Version 12.00
# Visual Studio Version 16
VisualStudioVersion = 16.0.29001.49
MinimumVisualStudioVersion = 10.0.40219.1
Project("{FAE04EC0-301F-11D3-BF4B-00C04F79EFBC}") = "Sample401", "Sample401\Sample401.csproj", "{7F3DE34C-5E5A-40B1-826C-5086D669B4DC}"
EndProject
Global
	GlobalSection(SolutionConfigurationPlatforms) = preSolution
		Debug|Any CPU = Debug|Any CPU
		Release|Any CPU = Release|Any CPU
	EndGlobalSection
	GlobalSection(ProjectConfigurationPlatforms) = postSolution
		{7F3DE34C-5E5A-40B1-826C-5086D669B4DC}.Debug|Any CPU.ActiveCfg = Debug|Any CPU
		{7F3DE34C-5E5A-40B1-826C-5086D669B4DC}.Debug|Any CPU.Build.0 = Debug|Any CPU
		{7F3DE34C-5E5A-40B1-826C-5086D669B4DC}.Release|Any CPU.ActiveCfg = Release|Any CPU
		{7F3DE34C-5E5A-40B1-826C-5086D669B4DC}.Release|Any CPU.Build.0 = Release|Any CPU
	EndGlobalSection
	GlobalSection(SolutionProperties) = preSolution
		HideSolutionNode = FALSE
	EndGlobalSection
	GlobalSection(ExtensibilityGlobals) = postSolution
		SolutionGuid = {C48679C4-138C-497C-9EDD-C208C1F8109D}
	EndGlobalSection
EndGlobal
