
Microsoft Visual Studio Solution File, Format Version 12.00
# Visual Studio 15
VisualStudioVersion = 15.0.28307.329
MinimumVisualStudioVersion = 10.0.40219.1
Project("{FAE04EC0-301F-11D3-BF4B-00C04F79EFBC}") = "Prob203", "Prob203\Prob203.csproj", "{B4E7BE48-F1C3-494F-8188-D03B4A2C5B43}"
EndProject
Global
	GlobalSection(SolutionConfigurationPlatforms) = preSolution
		Debug|Any CPU = Debug|Any CPU
		Release|Any CPU = Release|Any CPU
	EndGlobalSection
	GlobalSection(ProjectConfigurationPlatforms) = postSolution
		{B4E7BE48-F1C3-494F-8188-D03B4A2C5B43}.Debug|Any CPU.ActiveCfg = Debug|Any CPU
		{B4E7BE48-F1C3-494F-8188-D03B4A2C5B43}.Debug|Any CPU.Build.0 = Debug|Any CPU
		{B4E7BE48-F1C3-494F-8188-D03B4A2C5B43}.Release|Any CPU.ActiveCfg = Release|Any CPU
		{B4E7BE48-F1C3-494F-8188-D03B4A2C5B43}.Release|Any CPU.Build.0 = Release|Any CPU
	EndGlobalSection
	GlobalSection(SolutionProperties) = preSolution
		HideSolutionNode = FALSE
	EndGlobalSection
	GlobalSection(ExtensibilityGlobals) = postSolution
		SolutionGuid = {BD99D505-BD42-4FA6-8C1B-A20716961EB2}
	EndGlobalSection
EndGlobal
