
Microsoft Visual Studio Solution File, Format Version 12.00
# Visual Studio Version 16
VisualStudioVersion = 16.0.30523.141
MinimumVisualStudioVersion = 10.0.40219.1
Project("{FAE04EC0-301F-11D3-BF4B-00C04F79EFBC}") = "Prob107", "Prob107\Prob107.csproj", "{7453E4FC-E89C-42B0-9CEF-BA2E40E6BEC9}"
EndProject
Global
	GlobalSection(SolutionConfigurationPlatforms) = preSolution
		Debug|Any CPU = Debug|Any CPU
		Release|Any CPU = Release|Any CPU
	EndGlobalSection
	GlobalSection(ProjectConfigurationPlatforms) = postSolution
		{7453E4FC-E89C-42B0-9CEF-BA2E40E6BEC9}.Debug|Any CPU.ActiveCfg = Debug|Any CPU
		{7453E4FC-E89C-42B0-9CEF-BA2E40E6BEC9}.Debug|Any CPU.Build.0 = Debug|Any CPU
		{7453E4FC-E89C-42B0-9CEF-BA2E40E6BEC9}.Release|Any CPU.ActiveCfg = Release|Any CPU
		{7453E4FC-E89C-42B0-9CEF-BA2E40E6BEC9}.Release|Any CPU.Build.0 = Release|Any CPU
	EndGlobalSection
	GlobalSection(SolutionProperties) = preSolution
		HideSolutionNode = FALSE
	EndGlobalSection
	GlobalSection(ExtensibilityGlobals) = postSolution
		SolutionGuid = {E48302A6-0D7E-4143-80C8-B497ED76305B}
	EndGlobalSection
EndGlobal
