
Microsoft Visual Studio Solution File, Format Version 12.00
# Visual Studio 15
VisualStudioVersion = 15.0.28307.438
MinimumVisualStudioVersion = 10.0.40219.1
Project("{FAE04EC0-301F-11D3-BF4B-00C04F79EFBC}") = "ExerciseEx101", "ExerciseEx101\ExerciseEx101.csproj", "{5935CF07-52A7-40D6-968B-87AE8FF20E7A}"
EndProject
Global
	GlobalSection(SolutionConfigurationPlatforms) = preSolution
		Debug|Any CPU = Debug|Any CPU
		Release|Any CPU = Release|Any CPU
	EndGlobalSection
	GlobalSection(ProjectConfigurationPlatforms) = postSolution
		{5935CF07-52A7-40D6-968B-87AE8FF20E7A}.Debug|Any CPU.ActiveCfg = Debug|Any CPU
		{5935CF07-52A7-40D6-968B-87AE8FF20E7A}.Debug|Any CPU.Build.0 = Debug|Any CPU
		{5935CF07-52A7-40D6-968B-87AE8FF20E7A}.Release|Any CPU.ActiveCfg = Release|Any CPU
		{5935CF07-52A7-40D6-968B-87AE8FF20E7A}.Release|Any CPU.Build.0 = Release|Any CPU
	EndGlobalSection
	GlobalSection(SolutionProperties) = preSolution
		HideSolutionNode = FALSE
	EndGlobalSection
	GlobalSection(ExtensibilityGlobals) = postSolution
		SolutionGuid = {E2DF7D67-3757-4793-96CB-50DA8211732C}
	EndGlobalSection
EndGlobal
