
Microsoft Visual Studio Solution File, Format Version 12.00
# Visual Studio 15
VisualStudioVersion = 15.0.28307.168
MinimumVisualStudioVersion = 10.0.40219.1
Project("{FAE04EC0-301F-11D3-BF4B-00C04F79EFBC}") = "Exercise202", "Exercise202\Exercise202.csproj", "{8C547753-C32D-4F81-BBB3-2FF3B678922C}"
EndProject
Global
	GlobalSection(SolutionConfigurationPlatforms) = preSolution
		Debug|Any CPU = Debug|Any CPU
		Release|Any CPU = Release|Any CPU
	EndGlobalSection
	GlobalSection(ProjectConfigurationPlatforms) = postSolution
		{8C547753-C32D-4F81-BBB3-2FF3B678922C}.Debug|Any CPU.ActiveCfg = Debug|Any CPU
		{8C547753-C32D-4F81-BBB3-2FF3B678922C}.Debug|Any CPU.Build.0 = Debug|Any CPU
		{8C547753-C32D-4F81-BBB3-2FF3B678922C}.Release|Any CPU.ActiveCfg = Release|Any CPU
		{8C547753-C32D-4F81-BBB3-2FF3B678922C}.Release|Any CPU.Build.0 = Release|Any CPU
	EndGlobalSection
	GlobalSection(SolutionProperties) = preSolution
		HideSolutionNode = FALSE
	EndGlobalSection
	GlobalSection(ExtensibilityGlobals) = postSolution
		SolutionGuid = {6FEC8065-D6AB-4E7A-AA3F-E3F4F220E239}
	EndGlobalSection
EndGlobal
