
Microsoft Visual Studio Solution File, Format Version 12.00
# Visual Studio 15
VisualStudioVersion = 15.0.28307.168
MinimumVisualStudioVersion = 10.0.40219.1
Project("{FAE04EC0-301F-11D3-BF4B-00C04F79EFBC}") = "Sample103", "Sample103\Sample103.csproj", "{C9F7ACAE-E0D3-43C0-9BF5-28C7B86C782B}"
EndProject
Global
	GlobalSection(SolutionConfigurationPlatforms) = preSolution
		Debug|Any CPU = Debug|Any CPU
		Release|Any CPU = Release|Any CPU
	EndGlobalSection
	GlobalSection(ProjectConfigurationPlatforms) = postSolution
		{C9F7ACAE-E0D3-43C0-9BF5-28C7B86C782B}.Debug|Any CPU.ActiveCfg = Debug|Any CPU
		{C9F7ACAE-E0D3-43C0-9BF5-28C7B86C782B}.Debug|Any CPU.Build.0 = Debug|Any CPU
		{C9F7ACAE-E0D3-43C0-9BF5-28C7B86C782B}.Release|Any CPU.ActiveCfg = Release|Any CPU
		{C9F7ACAE-E0D3-43C0-9BF5-28C7B86C782B}.Release|Any CPU.Build.0 = Release|Any CPU
	EndGlobalSection
	GlobalSection(SolutionProperties) = preSolution
		HideSolutionNode = FALSE
	EndGlobalSection
	GlobalSection(ExtensibilityGlobals) = postSolution
		SolutionGuid = {756A922D-AD01-4E66-B93C-72717CF609B1}
	EndGlobalSection
EndGlobal
