
Microsoft Visual Studio Solution File, Format Version 12.00
# Visual Studio Version 16
VisualStudioVersion = 16.0.29001.49
MinimumVisualStudioVersion = 10.0.40219.1
Project("{FAE04EC0-301F-11D3-BF4B-00C04F79EFBC}") = "Sample309", "Sample309\Sample309.csproj", "{670C927D-EE18-4941-BB87-68DF77C8C74C}"
EndProject
Global
	GlobalSection(SolutionConfigurationPlatforms) = preSolution
		Debug|Any CPU = Debug|Any CPU
		Release|Any CPU = Release|Any CPU
	EndGlobalSection
	GlobalSection(ProjectConfigurationPlatforms) = postSolution
		{670C927D-EE18-4941-BB87-68DF77C8C74C}.Debug|Any CPU.ActiveCfg = Debug|Any CPU
		{670C927D-EE18-4941-BB87-68DF77C8C74C}.Debug|Any CPU.Build.0 = Debug|Any CPU
		{670C927D-EE18-4941-BB87-68DF77C8C74C}.Release|Any CPU.ActiveCfg = Release|Any CPU
		{670C927D-EE18-4941-BB87-68DF77C8C74C}.Release|Any CPU.Build.0 = Release|Any CPU
	EndGlobalSection
	GlobalSection(SolutionProperties) = preSolution
		HideSolutionNode = FALSE
	EndGlobalSection
	GlobalSection(ExtensibilityGlobals) = postSolution
		SolutionGuid = {CEB51AF3-76F2-4FBA-A9F5-BB9F350F77B7}
	EndGlobalSection
EndGlobal
