
Microsoft Visual Studio Solution File, Format Version 12.00
# Visual Studio 15
VisualStudioVersion = 15.0.28307.168
MinimumVisualStudioVersion = 10.0.40219.1
Project("{FAE04EC0-301F-11D3-BF4B-00C04F79EFBC}") = "Excercise101", "Excercise101\Excercise101.csproj", "{665702B5-6C33-4F9A-B6E6-56B843861791}"
EndProject
Global
	GlobalSection(SolutionConfigurationPlatforms) = preSolution
		Debug|Any CPU = Debug|Any CPU
		Release|Any CPU = Release|Any CPU
	EndGlobalSection
	GlobalSection(ProjectConfigurationPlatforms) = postSolution
		{665702B5-6C33-4F9A-B6E6-56B843861791}.Debug|Any CPU.ActiveCfg = Debug|Any CPU
		{665702B5-6C33-4F9A-B6E6-56B843861791}.Debug|Any CPU.Build.0 = Debug|Any CPU
		{665702B5-6C33-4F9A-B6E6-56B843861791}.Release|Any CPU.ActiveCfg = Release|Any CPU
		{665702B5-6C33-4F9A-B6E6-56B843861791}.Release|Any CPU.Build.0 = Release|Any CPU
	EndGlobalSection
	GlobalSection(SolutionProperties) = preSolution
		HideSolutionNode = FALSE
	EndGlobalSection
	GlobalSection(ExtensibilityGlobals) = postSolution
		SolutionGuid = {604F1985-E485-41EB-B322-7A8625AD58D7}
	EndGlobalSection
EndGlobal
