
Microsoft Visual Studio Solution File, Format Version 12.00
# Visual Studio Version 16
VisualStudioVersion = 16.0.29001.49
MinimumVisualStudioVersion = 10.0.40219.1
Project("{FAE04EC0-301F-11D3-BF4B-00C04F79EFBC}") = "Sample503", "Sample503\Sample503.csproj", "{0445A43E-5776-454B-95DF-B8F3F781334A}"
EndProject
Global
	GlobalSection(SolutionConfigurationPlatforms) = preSolution
		Debug|Any CPU = Debug|Any CPU
		Release|Any CPU = Release|Any CPU
	EndGlobalSection
	GlobalSection(ProjectConfigurationPlatforms) = postSolution
		{0445A43E-5776-454B-95DF-B8F3F781334A}.Debug|Any CPU.ActiveCfg = Debug|Any CPU
		{0445A43E-5776-454B-95DF-B8F3F781334A}.Debug|Any CPU.Build.0 = Debug|Any CPU
		{0445A43E-5776-454B-95DF-B8F3F781334A}.Release|Any CPU.ActiveCfg = Release|Any CPU
		{0445A43E-5776-454B-95DF-B8F3F781334A}.Release|Any CPU.Build.0 = Release|Any CPU
	EndGlobalSection
	GlobalSection(SolutionProperties) = preSolution
		HideSolutionNode = FALSE
	EndGlobalSection
	GlobalSection(ExtensibilityGlobals) = postSolution
		SolutionGuid = {25B83732-EDAE-42F1-9D21-804302A5D854}
	EndGlobalSection
EndGlobal
