
Microsoft Visual Studio Solution File, Format Version 12.00
# Visual Studio Version 16
VisualStudioVersion = 16.0.29001.49
MinimumVisualStudioVersion = 10.0.40219.1
Project("{FAE04EC0-301F-11D3-BF4B-00C04F79EFBC}") = "Sample506", "Sample506\Sample506.csproj", "{52DBBFC0-2E40-4B62-AA18-E0650FABA37D}"
EndProject
Global
	GlobalSection(SolutionConfigurationPlatforms) = preSolution
		Debug|Any CPU = Debug|Any CPU
		Release|Any CPU = Release|Any CPU
	EndGlobalSection
	GlobalSection(ProjectConfigurationPlatforms) = postSolution
		{52DBBFC0-2E40-4B62-AA18-E0650FABA37D}.Debug|Any CPU.ActiveCfg = Debug|Any CPU
		{52DBBFC0-2E40-4B62-AA18-E0650FABA37D}.Debug|Any CPU.Build.0 = Debug|Any CPU
		{52DBBFC0-2E40-4B62-AA18-E0650FABA37D}.Release|Any CPU.ActiveCfg = Release|Any CPU
		{52DBBFC0-2E40-4B62-AA18-E0650FABA37D}.Release|Any CPU.Build.0 = Release|Any CPU
	EndGlobalSection
	GlobalSection(SolutionProperties) = preSolution
		HideSolutionNode = FALSE
	EndGlobalSection
	GlobalSection(ExtensibilityGlobals) = postSolution
		SolutionGuid = {53BE6841-DE79-44DF-B053-5E84077F3C38}
	EndGlobalSection
EndGlobal
