
Microsoft Visual Studio Solution File, Format Version 12.00
# Visual Studio Version 16
VisualStudioVersion = 16.0.30523.141
MinimumVisualStudioVersion = 10.0.40219.1
Project("{FAE04EC0-301F-11D3-BF4B-00C04F79EFBC}") = "ExampleProblem408", "ExampleProblem408\ExampleProblem408.csproj", "{B68AE416-24A9-409D-B702-CF3145F210C9}"
EndProject
Global
	GlobalSection(SolutionConfigurationPlatforms) = preSolution
		Debug|Any CPU = Debug|Any CPU
		Release|Any CPU = Release|Any CPU
	EndGlobalSection
	GlobalSection(ProjectConfigurationPlatforms) = postSolution
		{B68AE416-24A9-409D-B702-CF3145F210C9}.Debug|Any CPU.ActiveCfg = Debug|Any CPU
		{B68AE416-24A9-409D-B702-CF3145F210C9}.Debug|Any CPU.Build.0 = Debug|Any CPU
		{B68AE416-24A9-409D-B702-CF3145F210C9}.Release|Any CPU.ActiveCfg = Release|Any CPU
		{B68AE416-24A9-409D-B702-CF3145F210C9}.Release|Any CPU.Build.0 = Release|Any CPU
	EndGlobalSection
	GlobalSection(SolutionProperties) = preSolution
		HideSolutionNode = FALSE
	EndGlobalSection
	GlobalSection(ExtensibilityGlobals) = postSolution
		SolutionGuid = {44A68CF5-5BE2-42CC-9E83-922C5190AE75}
	EndGlobalSection
EndGlobal
