
Microsoft Visual Studio Solution File, Format Version 12.00
# Visual Studio 15
VisualStudioVersion = 15.0.28307.329
MinimumVisualStudioVersion = 10.0.40219.1
Project("{FAE04EC0-301F-11D3-BF4B-00C04F79EFBC}") = "Prob305", "Prob305\Prob305.csproj", "{C9F4F6CB-2DE8-472D-A8FE-B5AA9789FE5D}"
EndProject
Global
	GlobalSection(SolutionConfigurationPlatforms) = preSolution
		Debug|Any CPU = Debug|Any CPU
		Release|Any CPU = Release|Any CPU
	EndGlobalSection
	GlobalSection(ProjectConfigurationPlatforms) = postSolution
		{C9F4F6CB-2DE8-472D-A8FE-B5AA9789FE5D}.Debug|Any CPU.ActiveCfg = Debug|Any CPU
		{C9F4F6CB-2DE8-472D-A8FE-B5AA9789FE5D}.Debug|Any CPU.Build.0 = Debug|Any CPU
		{C9F4F6CB-2DE8-472D-A8FE-B5AA9789FE5D}.Release|Any CPU.ActiveCfg = Release|Any CPU
		{C9F4F6CB-2DE8-472D-A8FE-B5AA9789FE5D}.Release|Any CPU.Build.0 = Release|Any CPU
	EndGlobalSection
	GlobalSection(SolutionProperties) = preSolution
		HideSolutionNode = FALSE
	EndGlobalSection
	GlobalSection(ExtensibilityGlobals) = postSolution
		SolutionGuid = {189B2196-5874-4708-9244-3D255412CC81}
	EndGlobalSection
EndGlobal
