
Microsoft Visual Studio Solution File, Format Version 12.00
# Visual Studio Version 16
VisualStudioVersion = 16.0.30523.141
MinimumVisualStudioVersion = 10.0.40219.1
Project("{FAE04EC0-301F-11D3-BF4B-00C04F79EFBC}") = "ExampleProblem308", "ExampleProblem308\ExampleProblem308.csproj", "{27E52E28-A557-4DB8-B340-3421ABEC58E4}"
EndProject
Global
	GlobalSection(SolutionConfigurationPlatforms) = preSolution
		Debug|Any CPU = Debug|Any CPU
		Release|Any CPU = Release|Any CPU
	EndGlobalSection
	GlobalSection(ProjectConfigurationPlatforms) = postSolution
		{27E52E28-A557-4DB8-B340-3421ABEC58E4}.Debug|Any CPU.ActiveCfg = Debug|Any CPU
		{27E52E28-A557-4DB8-B340-3421ABEC58E4}.Debug|Any CPU.Build.0 = Debug|Any CPU
		{27E52E28-A557-4DB8-B340-3421ABEC58E4}.Release|Any CPU.ActiveCfg = Release|Any CPU
		{27E52E28-A557-4DB8-B340-3421ABEC58E4}.Release|Any CPU.Build.0 = Release|Any CPU
	EndGlobalSection
	GlobalSection(SolutionProperties) = preSolution
		HideSolutionNode = FALSE
	EndGlobalSection
	GlobalSection(ExtensibilityGlobals) = postSolution
		SolutionGuid = {295754BC-DFD1-4F42-8699-82D04E4D3DF5}
	EndGlobalSection
EndGlobal
