
Microsoft Visual Studio Solution File, Format Version 12.00
# Visual Studio Version 16
VisualStudioVersion = 16.0.29001.49
MinimumVisualStudioVersion = 10.0.40219.1
Project("{FAE04EC0-301F-11D3-BF4B-00C04F79EFBC}") = "Sample606", "Sample606\Sample606.csproj", "{2D19B1EC-5052-4B6F-B709-893ABC42D9F3}"
EndProject
Global
	GlobalSection(SolutionConfigurationPlatforms) = preSolution
		Debug|Any CPU = Debug|Any CPU
		Release|Any CPU = Release|Any CPU
	EndGlobalSection
	GlobalSection(ProjectConfigurationPlatforms) = postSolution
		{2D19B1EC-5052-4B6F-B709-893ABC42D9F3}.Debug|Any CPU.ActiveCfg = Debug|Any CPU
		{2D19B1EC-5052-4B6F-B709-893ABC42D9F3}.Debug|Any CPU.Build.0 = Debug|Any CPU
		{2D19B1EC-5052-4B6F-B709-893ABC42D9F3}.Release|Any CPU.ActiveCfg = Release|Any CPU
		{2D19B1EC-5052-4B6F-B709-893ABC42D9F3}.Release|Any CPU.Build.0 = Release|Any CPU
	EndGlobalSection
	GlobalSection(SolutionProperties) = preSolution
		HideSolutionNode = FALSE
	EndGlobalSection
	GlobalSection(ExtensibilityGlobals) = postSolution
		SolutionGuid = {D934D420-29AD-4C6D-9355-9EBC31621252}
	EndGlobalSection
EndGlobal
