
Microsoft Visual Studio Solution File, Format Version 12.00
# Visual Studio Version 16
VisualStudioVersion = 16.0.30523.141
MinimumVisualStudioVersion = 10.0.40219.1
Project("{FAE04EC0-301F-11D3-BF4B-00C04F79EFBC}") = "ExampleProblem405", "ExampleProblem405\ExampleProblem405.csproj", "{E9984F04-E648-4FF4-8E20-C0C84199589D}"
EndProject
Global
	GlobalSection(SolutionConfigurationPlatforms) = preSolution
		Debug|Any CPU = Debug|Any CPU
		Release|Any CPU = Release|Any CPU
	EndGlobalSection
	GlobalSection(ProjectConfigurationPlatforms) = postSolution
		{E9984F04-E648-4FF4-8E20-C0C84199589D}.Debug|Any CPU.ActiveCfg = Debug|Any CPU
		{E9984F04-E648-4FF4-8E20-C0C84199589D}.Debug|Any CPU.Build.0 = Debug|Any CPU
		{E9984F04-E648-4FF4-8E20-C0C84199589D}.Release|Any CPU.ActiveCfg = Release|Any CPU
		{E9984F04-E648-4FF4-8E20-C0C84199589D}.Release|Any CPU.Build.0 = Release|Any CPU
	EndGlobalSection
	GlobalSection(SolutionProperties) = preSolution
		HideSolutionNode = FALSE
	EndGlobalSection
	GlobalSection(ExtensibilityGlobals) = postSolution
		SolutionGuid = {FD9097DC-F6EB-4B0A-A5F1-699B7F304999}
	EndGlobalSection
EndGlobal
