
Microsoft Visual Studio Solution File, Format Version 12.00
# Visual Studio 14
VisualStudioVersion = 14.0.25420.1
MinimumVisualStudioVersion = 10.0.40219.1
Project("{FAE04EC0-301F-11D3-BF4B-00C04F79EFBC}") = "prob4-7", "prob4-7\prob4-7.csproj", "{A6CF9CD5-B8C1-4B17-AB49-06BF416466BD}"
EndProject
Global
	GlobalSection(SolutionConfigurationPlatforms) = preSolution
		Debug|Any CPU = Debug|Any CPU
		Release|Any CPU = Release|Any CPU
	EndGlobalSection
	GlobalSection(ProjectConfigurationPlatforms) = postSolution
		{A6CF9CD5-B8C1-4B17-AB49-06BF416466BD}.Debug|Any CPU.ActiveCfg = Debug|Any CPU
		{A6CF9CD5-B8C1-4B17-AB49-06BF416466BD}.Debug|Any CPU.Build.0 = Debug|Any CPU
		{A6CF9CD5-B8C1-4B17-AB49-06BF416466BD}.Release|Any CPU.ActiveCfg = Release|Any CPU
		{A6CF9CD5-B8C1-4B17-AB49-06BF416466BD}.Release|Any CPU.Build.0 = Release|Any CPU
	EndGlobalSection
	GlobalSection(SolutionProperties) = preSolution
		HideSolutionNode = FALSE
	EndGlobalSection
EndGlobal
