
Microsoft Visual Studio Solution File, Format Version 12.00
# Visual Studio 15
VisualStudioVersion = 15.0.28307.329
MinimumVisualStudioVersion = 10.0.40219.1
Project("{FAE04EC0-301F-11D3-BF4B-00C04F79EFBC}") = "Prob304", "Prob304\Prob304.csproj", "{789E85CE-0549-444A-90AF-45B69272EB10}"
EndProject
Global
	GlobalSection(SolutionConfigurationPlatforms) = preSolution
		Debug|Any CPU = Debug|Any CPU
		Release|Any CPU = Release|Any CPU
	EndGlobalSection
	GlobalSection(ProjectConfigurationPlatforms) = postSolution
		{789E85CE-0549-444A-90AF-45B69272EB10}.Debug|Any CPU.ActiveCfg = Debug|Any CPU
		{789E85CE-0549-444A-90AF-45B69272EB10}.Debug|Any CPU.Build.0 = Debug|Any CPU
		{789E85CE-0549-444A-90AF-45B69272EB10}.Release|Any CPU.ActiveCfg = Release|Any CPU
		{789E85CE-0549-444A-90AF-45B69272EB10}.Release|Any CPU.Build.0 = Release|Any CPU
	EndGlobalSection
	GlobalSection(SolutionProperties) = preSolution
		HideSolutionNode = FALSE
	EndGlobalSection
	GlobalSection(ExtensibilityGlobals) = postSolution
		SolutionGuid = {76842755-6A61-41B0-BC90-1CAFA4382CB2}
	EndGlobalSection
EndGlobal
