
Microsoft Visual Studio Solution File, Format Version 12.00
# Visual Studio 15
VisualStudioVersion = 15.0.27428.1
MinimumVisualStudioVersion = 10.0.40219.1
Project("{FAE04EC0-301F-11D3-BF4B-00C04F79EFBC}") = "PasswordCreator", "PasswordCreator\PasswordCreator.csproj", "{B6905457-C1C2-4F7A-8F64-C05A4B4A8CF5}"
EndProject
Global
	GlobalSection(SolutionConfigurationPlatforms) = preSolution
		Debug|Any CPU = Debug|Any CPU
		Release|Any CPU = Release|Any CPU
	EndGlobalSection
	GlobalSection(ProjectConfigurationPlatforms) = postSolution
		{B6905457-C1C2-4F7A-8F64-C05A4B4A8CF5}.Debug|Any CPU.ActiveCfg = Debug|Any CPU
		{B6905457-C1C2-4F7A-8F64-C05A4B4A8CF5}.Debug|Any CPU.Build.0 = Debug|Any CPU
		{B6905457-C1C2-4F7A-8F64-C05A4B4A8CF5}.Release|Any CPU.ActiveCfg = Release|Any CPU
		{B6905457-C1C2-4F7A-8F64-C05A4B4A8CF5}.Release|Any CPU.Build.0 = Release|Any CPU
	EndGlobalSection
	GlobalSection(SolutionProperties) = preSolution
		HideSolutionNode = FALSE
	EndGlobalSection
	GlobalSection(ExtensibilityGlobals) = postSolution
		SolutionGuid = {95BEAEC6-EB6C-40D2-B2B4-92B4CAEB2945}
	EndGlobalSection
EndGlobal
