
Microsoft Visual Studio Solution File, Format Version 12.00
# Visual Studio 15
VisualStudioVersion = 15.0.28307.438
MinimumVisualStudioVersion = 10.0.40219.1
Project("{FAE04EC0-301F-11D3-BF4B-00C04F79EFBC}") = "SampleEx101", "SampleEx101\SampleEx101.csproj", "{EBD1A2B2-09F8-4BA8-958B-2BDEA3D1A03C}"
EndProject
Global
	GlobalSection(SolutionConfigurationPlatforms) = preSolution
		Debug|Any CPU = Debug|Any CPU
		Release|Any CPU = Release|Any CPU
	EndGlobalSection
	GlobalSection(ProjectConfigurationPlatforms) = postSolution
		{EBD1A2B2-09F8-4BA8-958B-2BDEA3D1A03C}.Debug|Any CPU.ActiveCfg = Debug|Any CPU
		{EBD1A2B2-09F8-4BA8-958B-2BDEA3D1A03C}.Debug|Any CPU.Build.0 = Debug|Any CPU
		{EBD1A2B2-09F8-4BA8-958B-2BDEA3D1A03C}.Release|Any CPU.ActiveCfg = Release|Any CPU
		{EBD1A2B2-09F8-4BA8-958B-2BDEA3D1A03C}.Release|Any CPU.Build.0 = Release|Any CPU
	EndGlobalSection
	GlobalSection(SolutionProperties) = preSolution
		HideSolutionNode = FALSE
	EndGlobalSection
	GlobalSection(ExtensibilityGlobals) = postSolution
		SolutionGuid = {32CA69CC-838F-44DF-8133-14C6E4C87A07}
	EndGlobalSection
EndGlobal
