
Microsoft Visual Studio Solution File, Format Version 12.00
# Visual Studio Version 16
VisualStudioVersion = 16.0.30523.141
MinimumVisualStudioVersion = 10.0.40219.1
Project("{FAE04EC0-301F-11D3-BF4B-00C04F79EFBC}") = "ExampleProblem407", "ExampleProblem407\ExampleProblem407.csproj", "{797ECDF7-74B1-4967-B1E0-D5E6CAC73C65}"
EndProject
Global
	GlobalSection(SolutionConfigurationPlatforms) = preSolution
		Debug|Any CPU = Debug|Any CPU
		Release|Any CPU = Release|Any CPU
	EndGlobalSection
	GlobalSection(ProjectConfigurationPlatforms) = postSolution
		{797ECDF7-74B1-4967-B1E0-D5E6CAC73C65}.Debug|Any CPU.ActiveCfg = Debug|Any CPU
		{797ECDF7-74B1-4967-B1E0-D5E6CAC73C65}.Debug|Any CPU.Build.0 = Debug|Any CPU
		{797ECDF7-74B1-4967-B1E0-D5E6CAC73C65}.Release|Any CPU.ActiveCfg = Release|Any CPU
		{797ECDF7-74B1-4967-B1E0-D5E6CAC73C65}.Release|Any CPU.Build.0 = Release|Any CPU
	EndGlobalSection
	GlobalSection(SolutionProperties) = preSolution
		HideSolutionNode = FALSE
	EndGlobalSection
	GlobalSection(ExtensibilityGlobals) = postSolution
		SolutionGuid = {832BFFD0-A54D-4584-A6E0-5171B1517621}
	EndGlobalSection
EndGlobal
