
Microsoft Visual Studio Solution File, Format Version 12.00
# Visual Studio 15
VisualStudioVersion = 15.0.28307.329
MinimumVisualStudioVersion = 10.0.40219.1
Project("{FAE04EC0-301F-11D3-BF4B-00C04F79EFBC}") = "Prob402", "Prob402\Prob402.csproj", "{BE0965CC-A042-47A6-AA60-6CD90C9B0362}"
EndProject
Global
	GlobalSection(SolutionConfigurationPlatforms) = preSolution
		Debug|Any CPU = Debug|Any CPU
		Release|Any CPU = Release|Any CPU
	EndGlobalSection
	GlobalSection(ProjectConfigurationPlatforms) = postSolution
		{BE0965CC-A042-47A6-AA60-6CD90C9B0362}.Debug|Any CPU.ActiveCfg = Debug|Any CPU
		{BE0965CC-A042-47A6-AA60-6CD90C9B0362}.Debug|Any CPU.Build.0 = Debug|Any CPU
		{BE0965CC-A042-47A6-AA60-6CD90C9B0362}.Release|Any CPU.ActiveCfg = Release|Any CPU
		{BE0965CC-A042-47A6-AA60-6CD90C9B0362}.Release|Any CPU.Build.0 = Release|Any CPU
	EndGlobalSection
	GlobalSection(SolutionProperties) = preSolution
		HideSolutionNode = FALSE
	EndGlobalSection
	GlobalSection(ExtensibilityGlobals) = postSolution
		SolutionGuid = {ECA23316-BBA5-46DD-93AB-118B4601BF84}
	EndGlobalSection
EndGlobal
