
Microsoft Visual Studio Solution File, Format Version 12.00
# Visual Studio Version 16
VisualStudioVersion = 16.0.29001.49
MinimumVisualStudioVersion = 10.0.40219.1
Project("{FAE04EC0-301F-11D3-BF4B-00C04F79EFBC}") = "Sample605", "Sample605\Sample605.csproj", "{31A2C636-455B-4261-9214-6C4392BBE133}"
EndProject
Global
	GlobalSection(SolutionConfigurationPlatforms) = preSolution
		Debug|Any CPU = Debug|Any CPU
		Release|Any CPU = Release|Any CPU
	EndGlobalSection
	GlobalSection(ProjectConfigurationPlatforms) = postSolution
		{31A2C636-455B-4261-9214-6C4392BBE133}.Debug|Any CPU.ActiveCfg = Debug|Any CPU
		{31A2C636-455B-4261-9214-6C4392BBE133}.Debug|Any CPU.Build.0 = Debug|Any CPU
		{31A2C636-455B-4261-9214-6C4392BBE133}.Release|Any CPU.ActiveCfg = Release|Any CPU
		{31A2C636-455B-4261-9214-6C4392BBE133}.Release|Any CPU.Build.0 = Release|Any CPU
	EndGlobalSection
	GlobalSection(SolutionProperties) = preSolution
		HideSolutionNode = FALSE
	EndGlobalSection
	GlobalSection(ExtensibilityGlobals) = postSolution
		SolutionGuid = {96C6DCA8-46AA-401B-A439-9EFEBE4D0ABC}
	EndGlobalSection
EndGlobal
