
Microsoft Visual Studio Solution File, Format Version 12.00
# Visual Studio 14
VisualStudioVersion = 14.0.25420.1
MinimumVisualStudioVersion = 10.0.40219.1
Project("{FAE04EC0-301F-11D3-BF4B-00C04F79EFBC}") = "probex4-2", "probex4-2\probex4-2.csproj", "{BE347698-5A15-45C1-B30D-927F4400E4FC}"
EndProject
Global
	GlobalSection(SolutionConfigurationPlatforms) = preSolution
		Debug|Any CPU = Debug|Any CPU
		Release|Any CPU = Release|Any CPU
	EndGlobalSection
	GlobalSection(ProjectConfigurationPlatforms) = postSolution
		{BE347698-5A15-45C1-B30D-927F4400E4FC}.Debug|Any CPU.ActiveCfg = Debug|Any CPU
		{BE347698-5A15-45C1-B30D-927F4400E4FC}.Debug|Any CPU.Build.0 = Debug|Any CPU
		{BE347698-5A15-45C1-B30D-927F4400E4FC}.Release|Any CPU.ActiveCfg = Release|Any CPU
		{BE347698-5A15-45C1-B30D-927F4400E4FC}.Release|Any CPU.Build.0 = Release|Any CPU
	EndGlobalSection
	GlobalSection(SolutionProperties) = preSolution
		HideSolutionNode = FALSE
	EndGlobalSection
EndGlobal
