
Microsoft Visual Studio Solution File, Format Version 12.00
# Visual Studio 15
VisualStudioVersion = 15.0.28307.438
MinimumVisualStudioVersion = 10.0.40219.1
Project("{FAE04EC0-301F-11D3-BF4B-00C04F79EFBC}") = "SampleEx103", "SampleEx103\SampleEx103.csproj", "{232203A6-AAE0-407B-98B8-E90B76DC5153}"
EndProject
Global
	GlobalSection(SolutionConfigurationPlatforms) = preSolution
		Debug|Any CPU = Debug|Any CPU
		Release|Any CPU = Release|Any CPU
	EndGlobalSection
	GlobalSection(ProjectConfigurationPlatforms) = postSolution
		{232203A6-AAE0-407B-98B8-E90B76DC5153}.Debug|Any CPU.ActiveCfg = Debug|Any CPU
		{232203A6-AAE0-407B-98B8-E90B76DC5153}.Debug|Any CPU.Build.0 = Debug|Any CPU
		{232203A6-AAE0-407B-98B8-E90B76DC5153}.Release|Any CPU.ActiveCfg = Release|Any CPU
		{232203A6-AAE0-407B-98B8-E90B76DC5153}.Release|Any CPU.Build.0 = Release|Any CPU
	EndGlobalSection
	GlobalSection(SolutionProperties) = preSolution
		HideSolutionNode = FALSE
	EndGlobalSection
	GlobalSection(ExtensibilityGlobals) = postSolution
		SolutionGuid = {85AFB079-A338-4FD8-866F-4D2CB040EF6F}
	EndGlobalSection
EndGlobal
