
Microsoft Visual Studio Solution File, Format Version 12.00
# Visual Studio Version 16
VisualStudioVersion = 16.0.30523.141
MinimumVisualStudioVersion = 10.0.40219.1
Project("{FAE04EC0-301F-11D3-BF4B-00C04F79EFBC}") = "ExampleProblem309", "ExampleProblem309\ExampleProblem309.csproj", "{7CF9B0D3-D8DB-4C80-9252-BE18C15D1546}"
EndProject
Global
	GlobalSection(SolutionConfigurationPlatforms) = preSolution
		Debug|Any CPU = Debug|Any CPU
		Release|Any CPU = Release|Any CPU
	EndGlobalSection
	GlobalSection(ProjectConfigurationPlatforms) = postSolution
		{7CF9B0D3-D8DB-4C80-9252-BE18C15D1546}.Debug|Any CPU.ActiveCfg = Debug|Any CPU
		{7CF9B0D3-D8DB-4C80-9252-BE18C15D1546}.Debug|Any CPU.Build.0 = Debug|Any CPU
		{7CF9B0D3-D8DB-4C80-9252-BE18C15D1546}.Release|Any CPU.ActiveCfg = Release|Any CPU
		{7CF9B0D3-D8DB-4C80-9252-BE18C15D1546}.Release|Any CPU.Build.0 = Release|Any CPU
	EndGlobalSection
	GlobalSection(SolutionProperties) = preSolution
		HideSolutionNode = FALSE
	EndGlobalSection
	GlobalSection(ExtensibilityGlobals) = postSolution
		SolutionGuid = {6B95AE48-FA2C-41CA-93F2-752B627D79AE}
	EndGlobalSection
EndGlobal
