
Microsoft Visual Studio Solution File, Format Version 12.00
# Visual Studio 15
VisualStudioVersion = 15.0.28307.438
MinimumVisualStudioVersion = 10.0.40219.1
Project("{FAE04EC0-301F-11D3-BF4B-00C04F79EFBC}") = "SampleEx501", "SampleEx501\SampleEx501.csproj", "{D339DD5E-AF7F-4678-B5D6-C32C54965221}"
EndProject
Global
	GlobalSection(SolutionConfigurationPlatforms) = preSolution
		Debug|Any CPU = Debug|Any CPU
		Release|Any CPU = Release|Any CPU
	EndGlobalSection
	GlobalSection(ProjectConfigurationPlatforms) = postSolution
		{D339DD5E-AF7F-4678-B5D6-C32C54965221}.Debug|Any CPU.ActiveCfg = Debug|Any CPU
		{D339DD5E-AF7F-4678-B5D6-C32C54965221}.Debug|Any CPU.Build.0 = Debug|Any CPU
		{D339DD5E-AF7F-4678-B5D6-C32C54965221}.Release|Any CPU.ActiveCfg = Release|Any CPU
		{D339DD5E-AF7F-4678-B5D6-C32C54965221}.Release|Any CPU.Build.0 = Release|Any CPU
	EndGlobalSection
	GlobalSection(SolutionProperties) = preSolution
		HideSolutionNode = FALSE
	EndGlobalSection
	GlobalSection(ExtensibilityGlobals) = postSolution
		SolutionGuid = {67FA4931-3017-4294-A9C9-FBC46AF1BA04}
	EndGlobalSection
EndGlobal
