
Microsoft Visual Studio Solution File, Format Version 12.00
# Visual Studio 15
VisualStudioVersion = 15.0.28307.438
MinimumVisualStudioVersion = 10.0.40219.1
Project("{FAE04EC0-301F-11D3-BF4B-00C04F79EFBC}") = "Exercise701", "Exercise701\Exercise701.csproj", "{A2CE84D9-A50F-44B4-8898-F26ED00F980C}"
EndProject
Global
	GlobalSection(SolutionConfigurationPlatforms) = preSolution
		Debug|Any CPU = Debug|Any CPU
		Release|Any CPU = Release|Any CPU
	EndGlobalSection
	GlobalSection(ProjectConfigurationPlatforms) = postSolution
		{A2CE84D9-A50F-44B4-8898-F26ED00F980C}.Debug|Any CPU.ActiveCfg = Debug|Any CPU
		{A2CE84D9-A50F-44B4-8898-F26ED00F980C}.Debug|Any CPU.Build.0 = Debug|Any CPU
		{A2CE84D9-A50F-44B4-8898-F26ED00F980C}.Release|Any CPU.ActiveCfg = Release|Any CPU
		{A2CE84D9-A50F-44B4-8898-F26ED00F980C}.Release|Any CPU.Build.0 = Release|Any CPU
	EndGlobalSection
	GlobalSection(SolutionProperties) = preSolution
		HideSolutionNode = FALSE
	EndGlobalSection
	GlobalSection(ExtensibilityGlobals) = postSolution
		SolutionGuid = {BE0FB8F9-5769-46FA-9CE4-DD073DB8BD94}
	EndGlobalSection
EndGlobal
