
Microsoft Visual Studio Solution File, Format Version 12.00
# Visual Studio 15
VisualStudioVersion = 15.0.28307.438
MinimumVisualStudioVersion = 10.0.40219.1
Project("{FAE04EC0-301F-11D3-BF4B-00C04F79EFBC}") = "Exercise302", "Exercise302\Exercise302.csproj", "{3722C913-B602-45D7-A613-896DB15EE253}"
EndProject
Global
	GlobalSection(SolutionConfigurationPlatforms) = preSolution
		Debug|Any CPU = Debug|Any CPU
		Release|Any CPU = Release|Any CPU
	EndGlobalSection
	GlobalSection(ProjectConfigurationPlatforms) = postSolution
		{3722C913-B602-45D7-A613-896DB15EE253}.Debug|Any CPU.ActiveCfg = Debug|Any CPU
		{3722C913-B602-45D7-A613-896DB15EE253}.Debug|Any CPU.Build.0 = Debug|Any CPU
		{3722C913-B602-45D7-A613-896DB15EE253}.Release|Any CPU.ActiveCfg = Release|Any CPU
		{3722C913-B602-45D7-A613-896DB15EE253}.Release|Any CPU.Build.0 = Release|Any CPU
	EndGlobalSection
	GlobalSection(SolutionProperties) = preSolution
		HideSolutionNode = FALSE
	EndGlobalSection
	GlobalSection(ExtensibilityGlobals) = postSolution
		SolutionGuid = {5228CC4D-CE02-4F50-8866-F7C9671727BE}
	EndGlobalSection
EndGlobal
