
Microsoft Visual Studio Solution File, Format Version 12.00
# Visual Studio 15
VisualStudioVersion = 15.0.28307.438
MinimumVisualStudioVersion = 10.0.40219.1
Project("{FAE04EC0-301F-11D3-BF4B-00C04F79EFBC}") = "Sample502", "Sample502\Sample502.csproj", "{A35FE871-AD02-4E96-84E8-F5B86EE463AC}"
EndProject
Global
	GlobalSection(SolutionConfigurationPlatforms) = preSolution
		Debug|Any CPU = Debug|Any CPU
		Release|Any CPU = Release|Any CPU
	EndGlobalSection
	GlobalSection(ProjectConfigurationPlatforms) = postSolution
		{A35FE871-AD02-4E96-84E8-F5B86EE463AC}.Debug|Any CPU.ActiveCfg = Debug|Any CPU
		{A35FE871-AD02-4E96-84E8-F5B86EE463AC}.Debug|Any CPU.Build.0 = Debug|Any CPU
		{A35FE871-AD02-4E96-84E8-F5B86EE463AC}.Release|Any CPU.ActiveCfg = Release|Any CPU
		{A35FE871-AD02-4E96-84E8-F5B86EE463AC}.Release|Any CPU.Build.0 = Release|Any CPU
	EndGlobalSection
	GlobalSection(SolutionProperties) = preSolution
		HideSolutionNode = FALSE
	EndGlobalSection
	GlobalSection(ExtensibilityGlobals) = postSolution
		SolutionGuid = {61C08E5A-23D7-4925-BA44-8FA0B62B57EE}
	EndGlobalSection
EndGlobal
