
Microsoft Visual Studio Solution File, Format Version 12.00
# Visual Studio 14
VisualStudioVersion = 14.0.25420.1
MinimumVisualStudioVersion = 10.0.40219.1
Project("{FAE04EC0-301F-11D3-BF4B-00C04F79EFBC}") = "prob3-9", "prob3-9\prob3-9.csproj", "{EB698627-3D31-44D5-9CB2-6FB6599E6DED}"
EndProject
Global
	GlobalSection(SolutionConfigurationPlatforms) = preSolution
		Debug|Any CPU = Debug|Any CPU
		Release|Any CPU = Release|Any CPU
	EndGlobalSection
	GlobalSection(ProjectConfigurationPlatforms) = postSolution
		{EB698627-3D31-44D5-9CB2-6FB6599E6DED}.Debug|Any CPU.ActiveCfg = Debug|Any CPU
		{EB698627-3D31-44D5-9CB2-6FB6599E6DED}.Debug|Any CPU.Build.0 = Debug|Any CPU
		{EB698627-3D31-44D5-9CB2-6FB6599E6DED}.Release|Any CPU.ActiveCfg = Release|Any CPU
		{EB698627-3D31-44D5-9CB2-6FB6599E6DED}.Release|Any CPU.Build.0 = Release|Any CPU
	EndGlobalSection
	GlobalSection(SolutionProperties) = preSolution
		HideSolutionNode = FALSE
	EndGlobalSection
EndGlobal
