
Microsoft Visual Studio Solution File, Format Version 12.00
# Visual Studio 15
VisualStudioVersion = 15.0.28307.329
MinimumVisualStudioVersion = 10.0.40219.1
Project("{FAE04EC0-301F-11D3-BF4B-00C04F79EFBC}") = "Prob403", "Prob403\Prob403.csproj", "{DFFCF2E7-507B-40AA-8D38-F815162AFC9D}"
EndProject
Global
	GlobalSection(SolutionConfigurationPlatforms) = preSolution
		Debug|Any CPU = Debug|Any CPU
		Release|Any CPU = Release|Any CPU
	EndGlobalSection
	GlobalSection(ProjectConfigurationPlatforms) = postSolution
		{DFFCF2E7-507B-40AA-8D38-F815162AFC9D}.Debug|Any CPU.ActiveCfg = Debug|Any CPU
		{DFFCF2E7-507B-40AA-8D38-F815162AFC9D}.Debug|Any CPU.Build.0 = Debug|Any CPU
		{DFFCF2E7-507B-40AA-8D38-F815162AFC9D}.Release|Any CPU.ActiveCfg = Release|Any CPU
		{DFFCF2E7-507B-40AA-8D38-F815162AFC9D}.Release|Any CPU.Build.0 = Release|Any CPU
	EndGlobalSection
	GlobalSection(SolutionProperties) = preSolution
		HideSolutionNode = FALSE
	EndGlobalSection
	GlobalSection(ExtensibilityGlobals) = postSolution
		SolutionGuid = {AA74B8F1-33DE-47C0-8FC2-BDEDC6C05280}
	EndGlobalSection
EndGlobal
