
Microsoft Visual Studio Solution File, Format Version 12.00
# Visual Studio 15
VisualStudioVersion = 15.0.28307.329
MinimumVisualStudioVersion = 10.0.40219.1
Project("{FAE04EC0-301F-11D3-BF4B-00C04F79EFBC}") = "Prob302", "Prob302\Prob302.csproj", "{247C8975-D49D-4670-A0FB-068A0D6A8BCE}"
EndProject
Global
	GlobalSection(SolutionConfigurationPlatforms) = preSolution
		Debug|Any CPU = Debug|Any CPU
		Release|Any CPU = Release|Any CPU
	EndGlobalSection
	GlobalSection(ProjectConfigurationPlatforms) = postSolution
		{247C8975-D49D-4670-A0FB-068A0D6A8BCE}.Debug|Any CPU.ActiveCfg = Debug|Any CPU
		{247C8975-D49D-4670-A0FB-068A0D6A8BCE}.Debug|Any CPU.Build.0 = Debug|Any CPU
		{247C8975-D49D-4670-A0FB-068A0D6A8BCE}.Release|Any CPU.ActiveCfg = Release|Any CPU
		{247C8975-D49D-4670-A0FB-068A0D6A8BCE}.Release|Any CPU.Build.0 = Release|Any CPU
	EndGlobalSection
	GlobalSection(SolutionProperties) = preSolution
		HideSolutionNode = FALSE
	EndGlobalSection
	GlobalSection(ExtensibilityGlobals) = postSolution
		SolutionGuid = {3282B7F3-841E-4980-9DA5-DC16C962ADF0}
	EndGlobalSection
EndGlobal
